// !$*UTF8*$!
{
	archiveVersion = 1;
	classes = {
	};
	objectVersion = 55;
	objects = {

/* Begin PBXBuildFile section */
		3EDD6979283C07B800EA3430 /* main.c in Sources */ = {isa = PBXBuildFile; fileRef = 3EDD6978283C07B800EA3430 /* main.c */; };
		3EDD6981283C0C2100EA3430 /* SimpleAddFunc.c in Sources */ = {isa = PBXBuildFile; fileRef = 3EDD6980283C0C2100EA3430 /* SimpleAddFunc.c */; };
		3EDD6984283C14A700EA3430 /* SmartAddFunc.c in Sources */ = {isa = PBXBuildFile; fileRef = 3EDD6983283C14A700EA3430 /* SmartAddFunc.c */; };
		3EDD6987283CA8E300EA3430 /* AbsCompare.c in Sources */ = {isa = PBXBuildFile; fileRef = 3EDD6986283CA8E300EA3430 /* AbsCompare.c */; };
		3EDD698A283CAAEE00EA3430 /* Prob1.c in Sources */ = {isa = PBXBuildFile; fileRef = 3EDD6989283CAAEE00EA3430 /* Prob1.c */; };
		3EDD698D283CC52400EA3430 /* Prob3.c in Sources */ = {isa = PBXBuildFile; fileRef = 3EDD698C283CC52400EA3430 /* Prob3.c */; };
/* End PBXBuildFile section */

/* Begin PBXCopyFilesBuildPhase section */
		3EDD6973283C07B800EA3430 /* CopyFiles */ = {
			isa = PBXCopyFilesBuildPhase;
			buildActionMask = 2147483647;
			dstPath = /usr/share/man/man1/;
			dstSubfolderSpec = 0;
			files = (
			);
			runOnlyForDeploymentPostprocessing = 1;
		};
/* End PBXCopyFilesBuildPhase section */

/* Begin PBXFileReference section */
		3EDD6975283C07B800EA3430 /* C_basic_function */ = {isa = PBXFileReference; explicitFileType = "compiled.mach-o.executable"; includeInIndex = 0; path = C_basic_function; sourceTree = BUILT_PRODUCTS_DIR; };
		3EDD6978283C07B800EA3430 /* main.c */ = {isa = PBXFileReference; lastKnownFileType = sourcecode.c.c; path = main.c; sourceTree = "<group>"; };
		3EDD697F283C0C2100EA3430 /* SimpleAddFunc.h */ = {isa = PBXFileReference; lastKnownFileType = sourcecode.c.h; path = SimpleAddFunc.h; sourceTree = "<group>"; };
		3EDD6980283C0C2100EA3430 /* SimpleAddFunc.c */ = {isa = PBXFileReference; lastKnownFileType = sourcecode.c.c; path = SimpleAddFunc.c; sourceTree = "<group>"; };
		3EDD6982283C14A700EA3430 /* SmartAddFunc.h */ = {isa = PBXFileReference; lastKnownFileType = sourcecode.c.h; path = SmartAddFunc.h; sourceTree = "<group>"; };
		3EDD6983283C14A700EA3430 /* SmartAddFunc.c */ = {isa = PBXFileReference; lastKnownFileType = sourcecode.c.c; path = SmartAddFunc.c; sourceTree = "<group>"; };
		3EDD6985283CA8E300EA3430 /* AbsCompare.h */ = {isa = PBXFileReference; lastKnownFileType = sourcecode.c.h; path = AbsCompare.h; sourceTree = "<group>"; };
		3EDD6986283CA8E300EA3430 /* AbsCompare.c */ = {isa = PBXFileReference; lastKnownFileType = sourcecode.c.c; path = AbsCompare.c; sourceTree = "<group>"; };
		3EDD6988283CAAEE00EA3430 /* Prob1.h */ = {isa = PBXFileReference; lastKnownFileType = sourcecode.c.h; path = Prob1.h; sourceTree = "<group>"; };
		3EDD6989283CAAEE00EA3430 /* Prob1.c */ = {isa = PBXFileReference; lastKnownFileType = sourcecode.c.c; path = Prob1.c; sourceTree = "<group>"; };
		3EDD698B283CC52400EA3430 /* Prob3.h */ = {isa = PBXFileReference; lastKnownFileType = sourcecode.c.h; path = Prob3.h; sourceTree = "<group>"; };
		3EDD698C283CC52400EA3430 /* Prob3.c */ = {isa = PBXFileReference; lastKnownFileType = sourcecode.c.c; path = Prob3.c; sourceTree = "<group>"; };
/* End PBXFileReference section */

/* Begin PBXFrameworksBuildPhase section */
		3EDD6972283C07B800EA3430 /* Frameworks */ = {
			isa = PBXFrameworksBuildPhase;
			buildActionMask = 2147483647;
			files = (
			);
			runOnlyForDeploymentPostprocessing = 0;
		};
/* End PBXFrameworksBuildPhase section */

/* Begin PBXGroup section */
		3EDD696C283C07B800EA3430 = {
			isa = PBXGroup;
			children = (
				3EDD6977283C07B800EA3430 /* C_basic_function */,
				3EDD6976283C07B800EA3430 /* Products */,
			);
			sourceTree = "<group>";
		};
		3EDD6976283C07B800EA3430 /* Products */ = {
			isa = PBXGroup;
			children = (
				3EDD6975283C07B800EA3430 /* C_basic_function */,
			);
			name = Products;
			sourceTree = "<group>";
		};
		3EDD6977283C07B800EA3430 /* C_basic_function */ = {
			isa = PBXGroup;
			children = (
				3EDD6978283C07B800EA3430 /* main.c */,
				3EDD697F283C0C2100EA3430 /* SimpleAddFunc.h */,
				3EDD6980283C0C2100EA3430 /* SimpleAddFunc.c */,
				3EDD6982283C14A700EA3430 /* SmartAddFunc.h */,
				3EDD6983283C14A700EA3430 /* SmartAddFunc.c */,
				3EDD6985283CA8E300EA3430 /* AbsCompare.h */,
				3EDD6986283CA8E300EA3430 /* AbsCompare.c */,
				3EDD6988283CAAEE00EA3430 /* Prob1.h */,
				3EDD6989283CAAEE00EA3430 /* Prob1.c */,
				3EDD698B283CC52400EA3430 /* Prob3.h */,
				3EDD698C283CC52400EA3430 /* Prob3.c */,
			);
			path = C_basic_function;
			sourceTree = "<group>";
		};
/* End PBXGroup section */

/* Begin PBXNativeTarget section */
		3EDD6974283C07B800EA3430 /* C_basic_function */ = {
			isa = PBXNativeTarget;
			buildConfigurationList = 3EDD697C283C07B800EA3430 /* Build configuration list for PBXNativeTarget "C_basic_function" */;
			buildPhases = (
				3EDD6971283C07B800EA3430 /* Sources */,
				3EDD6972283C07B800EA3430 /* Frameworks */,
				3EDD6973283C07B800EA3430 /* CopyFiles */,
			);
			buildRules = (
			);
			dependencies = (
			);
			name = C_basic_function;
			productName = C_basic_function;
			productReference = 3EDD6975283C07B800EA3430 /* C_basic_function */;
			productType = "com.apple.product-type.tool";
		};
/* End PBXNativeTarget section */

/* Begin PBXProject section */
		3EDD696D283C07B800EA3430 /* Project object */ = {
			isa = PBXProject;
			attributes = {
				BuildIndependentTargetsInParallel = 1;
				LastUpgradeCheck = 1330;
				TargetAttributes = {
					3EDD6974283C07B800EA3430 = {
						CreatedOnToolsVersion = 13.3.1;
					};
				};
			};
			buildConfigurationList = 3EDD6970283C07B800EA3430 /* Build configuration list for PBXProject "C_basic_function" */;
			compatibilityVersion = "Xcode 13.0";
			developmentRegion = en;
			hasScannedForEncodings = 0;
			knownRegions = (
				en,
				Base,
			);
			mainGroup = 3EDD696C283C07B800EA3430;
			productRefGroup = 3EDD6976283C07B800EA3430 /* Products */;
			projectDirPath = "";
			projectRoot = "";
			targets = (
				3EDD6974283C07B800EA3430 /* C_basic_function */,
			);
		};
/* End PBXProject section */

/* Begin PBXSourcesBuildPhase section */
		3EDD6971283C07B800EA3430 /* Sources */ = {
			isa = PBXSourcesBuildPhase;
			buildActionMask = 2147483647;
			files = (
				3EDD698D283CC52400EA3430 /* Prob3.c in Sources */,
				3EDD698A283CAAEE00EA3430 /* Prob1.c in Sources */,
				3EDD6979283C07B800EA3430 /* main.c in Sources */,
				3EDD6981283C0C2100EA3430 /* SimpleAddFunc.c in Sources */,
				3EDD6987283CA8E300EA3430 /* AbsCompare.c in Sources */,
				3EDD6984283C14A700EA3430 /* SmartAddFunc.c in Sources */,
			);
			runOnlyForDeploymentPostprocessing = 0;
		};
/* End PBXSourcesBuildPhase section */

/* Begin XCBuildConfiguration section */
		3EDD697A283C07B800EA3430 /* Debug */ = {
			isa = XCBuildConfiguration;
			buildSettings = {
				ALWAYS_SEARCH_USER_PATHS = NO;
				CLANG_ANALYZER_NONNULL = YES;
				CLANG_ANALYZER_NUMBER_OBJECT_CONVERSION = YES_AGGRESSIVE;
				CLANG_CXX_LANGUAGE_STANDARD = "gnu++17";
				CLANG_ENABLE_MODULES = YES;
				CLANG_ENABLE_OBJC_ARC = YES;
				CLANG_ENABLE_OBJC_WEAK = YES;
				CLANG_WARN_BLOCK_CAPTURE_AUTORELEASING = YES;
				CLANG_WARN_BOOL_CONVERSION = YES;
				CLANG_WARN_COMMA = YES;
				CLANG_WARN_CONSTANT_CONVERSION = YES;
				CLANG_WARN_DEPRECATED_OBJC_IMPLEMENTATIONS = YES;
				CLANG_WARN_DIRECT_OBJC_ISA_USAGE = YES_ERROR;
				CLANG_WARN_DOCUMENTATION_COMMENTS = YES;
				CLANG_WARN_EMPTY_BODY = YES;
				CLANG_WARN_ENUM_CONVERSION = YES;
				CLANG_WARN_INFINITE_RECURSION = YES;
				CLANG_WARN_INT_CONVERSION = YES;
				CLANG_WARN_NON_LITERAL_NULL_CONVERSION = YES;
				CLANG_WARN_OBJC_IMPLICIT_RETAIN_SELF = YES;
				CLANG_WARN_OBJC_LITERAL_CONVERSION = YES;
				CLANG_WARN_OBJC_ROOT_CLASS = YES_ERROR;
				CLANG_WARN_QUOTED_INCLUDE_IN_FRAMEWORK_HEADER = YES;
				CLANG_WARN_RANGE_LOOP_ANALYSIS = YES;
				CLANG_WARN_STRICT_PROTOTYPES = YES;
				CLANG_WARN_SUSPICIOUS_MOVE = YES;
				CLANG_WARN_UNGUARDED_AVAILABILITY = YES_AGGRESSIVE;
				CLANG_WARN_UNREACHABLE_CODE = YES;
				CLANG_WARN__DUPLICATE_METHOD_MATCH = YES;
				COPY_PHASE_STRIP = NO;
				DEBUG_INFORMATION_FORMAT = dwarf;
				ENABLE_STRICT_OBJC_MSGSEND = YES;
				ENABLE_TESTABILITY = YES;
				GCC_C_LANGUAGE_STANDARD = gnu11;
				GCC_DYNAMIC_NO_PIC = NO;
				GCC_NO_COMMON_BLOCKS = YES;
				GCC_OPTIMIZATION_LEVEL = 0;
				GCC_PREPROCESSOR_DEFINITIONS = (
					"DEBUG=1",
					"$(inherited)",
				);
				GCC_WARN_64_TO_32_BIT_CONVERSION = YES;
				GCC_WARN_ABOUT_RETURN_TYPE = YES_ERROR;
				GCC_WARN_UNDECLARED_SELECTOR = YES;
				GCC_WARN_UNINITIALIZED_AUTOS = YES_AGGRESSIVE;
				GCC_WARN_UNUSED_FUNCTION = YES;
				GCC_WARN_UNUSED_VARIABLE = YES;
				MACOSX_DEPLOYMENT_TARGET = 12.3;
				MTL_ENABLE_DEBUG_INFO = INCLUDE_SOURCE;
				MTL_FAST_MATH = YES;
				ONLY_ACTIVE_ARCH = YES;
				SDKROOT = macosx;
			};
			name = Debug;
		};
		3EDD697B283C07B800EA3430 /* Release */ = {
			isa = XCBuildConfiguration;
			buildSettings = {
				ALWAYS_SEARCH_USER_PATHS = NO;
				CLANG_ANALYZER_NONNULL = YES;
				CLANG_ANALYZER_NUMBER_OBJECT_CONVERSION = YES_AGGRESSIVE;
				CLANG_CXX_LANGUAGE_STANDARD = "gnu++17";
				CLANG_ENABLE_MODULES = YES;
				CLANG_ENABLE_OBJC_ARC = YES;
				CLANG_ENABLE_OBJC_WEAK = YES;
				CLANG_WARN_BLOCK_CAPTURE_AUTORELEASING = YES;
				CLANG_WARN_BOOL_CONVERSION = YES;
				CLANG_WARN_COMMA = YES;
				CLANG_WARN_CONSTANT_CONVERSION = YES;
				CLANG_WARN_DEPRECATED_OBJC_IMPLEMENTATIONS = YES;
				CLANG_WARN_DIRECT_OBJC_ISA_USAGE = YES_ERROR;
				CLANG_WARN_DOCUMENTATION_COMMENTS = YES;
				CLANG_WARN_EMPTY_BODY = YES;
				CLANG_WARN_ENUM_CONVERSION = YES;
				CLANG_WARN_INFINITE_RECURSION = YES;
				CLANG_WARN_INT_CONVERSION = YES;
				CLANG_WARN_NON_LITERAL_NULL_CONVERSION = YES;
				CLANG_WARN_OBJC_IMPLICIT_RETAIN_SELF = YES;
				CLANG_WARN_OBJC_LITERAL_CONVERSION = YES;
				CLANG_WARN_OBJC_ROOT_CLASS = YES_ERROR;
				CLANG_WARN_QUOTED_INCLUDE_IN_FRAMEWORK_HEADER = YES;
				CLANG_WARN_RANGE_LOOP_ANALYSIS = YES;
				CLANG_WARN_STRICT_PROTOTYPES = YES;
				CLANG_WARN_SUSPICIOUS_MOVE = YES;
				CLANG_WARN_UNGUARDED_AVAILABILITY = YES_AGGRESSIVE;
				CLANG_WARN_UNREACHABLE_CODE = YES;
				CLANG_WARN__DUPLICATE_METHOD_MATCH = YES;
				COPY_PHASE_STRIP = NO;
				DEBUG_INFORMATION_FORMAT = "dwarf-with-dsym";
				ENABLE_NS_ASSERTIONS = NO;
				ENABLE_STRICT_OBJC_MSGSEND = YES;
				GCC_C_LANGUAGE_STANDARD = gnu11;
				GCC_NO_COMMON_BLOCKS = YES;
				GCC_WARN_64_TO_32_BIT_CONVERSION = YES;
				GCC_WARN_ABOUT_RETURN_TYPE = YES_ERROR;
				GCC_WARN_UNDECLARED_SELECTOR = YES;
				GCC_WARN_UNINITIALIZED_AUTOS = YES_AGGRESSIVE;
				GCC_WARN_UNUSED_FUNCTION = YES;
				GCC_WARN_UNUSED_VARIABLE = YES;
				MACOSX_DEPLOYMENT_TARGET = 12.3;
				MTL_ENABLE_DEBUG_INFO = NO;
				MTL_FAST_MATH = YES;
				SDKROOT = macosx;
			};
			name = Release;
		};
		3EDD697D283C07B800EA3430 /* Debug */ = {
			isa = XCBuildConfiguration;
			buildSettings = {
				CODE_SIGN_STYLE = Automatic;
				PRODUCT_NAME = "$(TARGET_NAME)";
			};
			name = Debug;
		};
		3EDD697E283C07B800EA3430 /* Release */ = {
			isa = XCBuildConfiguration;
			buildSettings = {
				CODE_SIGN_STYLE = Automatic;
				PRODUCT_NAME = "$(TARGET_NAME)";
			};
			name = Release;
		};
/* End XCBuildConfiguration section */

/* Begin XCConfigurationList section */
		3EDD6970283C07B800EA3430 /* Build configuration list for PBXProject "C_basic_function" */ = {
			isa = XCConfigurationList;
			buildConfigurations = (
				3EDD697A283C07B800EA3430 /* Debug */,
				3EDD697B283C07B800EA3430 /* Release */,
			);
			defaultConfigurationIsVisible = 0;
			defaultConfigurationName = Release;
		};
		3EDD697C283C07B800EA3430 /* Build configuration list for PBXNativeTarget "C_basic_function" */ = {
			isa = XCConfigurationList;
			buildConfigurations = (
				3EDD697D283C07B800EA3430 /* Debug */,
				3EDD697E283C07B800EA3430 /* Release */,
			);
			defaultConfigurationIsVisible = 0;
			defaultConfigurationName = Release;
		};
/* End XCConfigurationList section */
	};
	rootObject = 3EDD696D283C07B800EA3430 /* Project object */;
}
